// !$*UTF8*$!
{
	archiveVersion = 1;
	classes = {
	};
	objectVersion = 56;
	objects = {

/* Begin PBXBuildFile section */
		F12C49C32C35D711008E173D /* WidgetKit.framework in Frameworks */ = {isa = PBXBuildFile; fileRef = F12C49C22C35D711008E173D /* WidgetKit.framework */; };
		F12C49C52C35D711008E173D /* SwiftUI.framework in Frameworks */ = {isa = PBXBuildFile; fileRef = F12C49C42C35D711008E173D /* SwiftUI.framework */; };
		F12C49C82C35D711008E173D /* PokeDex3WidgetBundle.swift in Sources */ = {isa = PBXBuildFile; fileRef = F12C49C72C35D711008E173D /* PokeDex3WidgetBundle.swift */; };
		F12C49CA2C35D711008E173D /* PokeDex3WidgetLiveActivity.swift in Sources */ = {isa = PBXBuildFile; fileRef = F12C49C92C35D711008E173D /* PokeDex3WidgetLiveActivity.swift */; };
		F12C49CC2C35D711008E173D /* PokeDex3Widget.swift in Sources */ = {isa = PBXBuildFile; fileRef = F12C49CB2C35D711008E173D /* PokeDex3Widget.swift */; };
		F12C49CE2C35D711008E173D /* AppIntent.swift in Sources */ = {isa = PBXBuildFile; fileRef = F12C49CD2C35D711008E173D /* AppIntent.swift */; };
		F12C49D02C35D711008E173D /* Assets.xcassets in Resources */ = {isa = PBXBuildFile; fileRef = F12C49CF2C35D711008E173D /* Assets.xcassets */; };
		F12C49D42C35D711008E173D /* PokeDex3WidgetExtension.appex in Embed Foundation Extensions */ = {isa = PBXBuildFile; fileRef = F12C49C02C35D711008E173D /* PokeDex3WidgetExtension.appex */; settings = {ATTRIBUTES = (RemoveHeadersOnCopy, ); }; };
		F12C49D92C35D758008E173D /* Assets.xcassets in Resources */ = {isa = PBXBuildFile; fileRef = F1C38FBA2C2C995C00D4395F /* Assets.xcassets */; };
		F12C49DA2C35D765008E173D /* PokeDexGen3.xcdatamodeld in Sources */ = {isa = PBXBuildFile; fileRef = F1C38FC12C2C995C00D4395F /* PokeDexGen3.xcdatamodeld */; };
		F12C49DB2C35D768008E173D /* Persistence.swift in Sources */ = {isa = PBXBuildFile; fileRef = F1C38FBF2C2C995C00D4395F /* Persistence.swift */; };
		F12C49DC2C35D76C008E173D /* SamplePokemon.swift in Sources */ = {isa = PBXBuildFile; fileRef = F18DE2FB2C33494700F58500 /* SamplePokemon.swift */; };
		F12C49DD2C35D76F008E173D /* FetchedImage.swift in Sources */ = {isa = PBXBuildFile; fileRef = F15D30102C349FBE00800B25 /* FetchedImage.swift */; };
		F12C49DE2C35D772008E173D /* WidgetPokemon.swift in Sources */ = {isa = PBXBuildFile; fileRef = F15D30122C34A0D300800B25 /* WidgetPokemon.swift */; };
		F14CCD832C2DE7C600A65B3E /* TempPokemon.swift in Sources */ = {isa = PBXBuildFile; fileRef = F14CCD822C2DE7C600A65B3E /* TempPokemon.swift */; };
		F14CCD852C2DFB1900A65B3E /* FetchCotroller.swift in Sources */ = {isa = PBXBuildFile; fileRef = F14CCD842C2DFB1900A65B3E /* FetchCotroller.swift */; };
		F15D30112C349FBE00800B25 /* FetchedImage.swift in Sources */ = {isa = PBXBuildFile; fileRef = F15D30102C349FBE00800B25 /* FetchedImage.swift */; };
		F15D30132C34A0D300800B25 /* WidgetPokemon.swift in Sources */ = {isa = PBXBuildFile; fileRef = F15D30122C34A0D300800B25 /* WidgetPokemon.swift */; };
		F18DE2F82C3334B200F58500 /* ViewModel.swift in Sources */ = {isa = PBXBuildFile; fileRef = F18DE2F72C3334B200F58500 /* ViewModel.swift */; };
		F18DE2FA2C33432D00F58500 /* PokemonDetailView.swift in Sources */ = {isa = PBXBuildFile; fileRef = F18DE2F92C33432D00F58500 /* PokemonDetailView.swift */; };
		F18DE2FC2C33494700F58500 /* SamplePokemon.swift in Sources */ = {isa = PBXBuildFile; fileRef = F18DE2FB2C33494700F58500 /* SamplePokemon.swift */; };
		F18DE2FE2C33570100F58500 /* PokemonExt.swift in Sources */ = {isa = PBXBuildFile; fileRef = F18DE2FD2C33570100F58500 /* PokemonExt.swift */; };
		F18DE3002C335D3300F58500 /* StatsView.swift in Sources */ = {isa = PBXBuildFile; fileRef = F18DE2FF2C335D3300F58500 /* StatsView.swift */; };
		F1C38FB72C2C995B00D4395F /* PokeDexGen3App.swift in Sources */ = {isa = PBXBuildFile; fileRef = F1C38FB62C2C995B00D4395F /* PokeDexGen3App.swift */; };
		F1C38FB92C2C995B00D4395F /* MainView.swift in Sources */ = {isa = PBXBuildFile; fileRef = F1C38FB82C2C995B00D4395F /* MainView.swift */; };
		F1C38FBB2C2C995C00D4395F /* Assets.xcassets in Resources */ = {isa = PBXBuildFile; fileRef = F1C38FBA2C2C995C00D4395F /* Assets.xcassets */; };
		F1C38FBE2C2C995C00D4395F /* Preview Assets.xcassets in Resources */ = {isa = PBXBuildFile; fileRef = F1C38FBD2C2C995C00D4395F /* Preview Assets.xcassets */; };
		F1C38FC02C2C995C00D4395F /* Persistence.swift in Sources */ = {isa = PBXBuildFile; fileRef = F1C38FBF2C2C995C00D4395F /* Persistence.swift */; };
		F1C38FC32C2C995C00D4395F /* PokeDexGen3.xcdatamodeld in Sources */ = {isa = PBXBuildFile; fileRef = F1C38FC12C2C995C00D4395F /* PokeDexGen3.xcdatamodeld */; };
/* End PBXBuildFile section */

/* Begin PBXContainerItemProxy section */
		F12C49D22C35D711008E173D /* PBXContainerItemProxy */ = {
			isa = PBXContainerItemProxy;
			containerPortal = F1C38FAB2C2C995B00D4395F /* Project object */;
			proxyType = 1;
			remoteGlobalIDString = F12C49BF2C35D711008E173D;
			remoteInfo = PokeDex3WidgetExtension;
		};
/* End PBXContainerItemProxy section */

/* Begin PBXCopyFilesBuildPhase section */
		F12C49D52C35D711008E173D /* Embed Foundation Extensions */ = {
			isa = PBXCopyFilesBuildPhase;
			buildActionMask = 2147483647;
			dstPath = "";
			dstSubfolderSpec = 13;
			files = (
				F12C49D42C35D711008E173D /* PokeDex3WidgetExtension.appex in Embed Foundation Extensions */,
			);
			name = "Embed Foundation Extensions";
			runOnlyForDeploymentPostprocessing = 0;
		};
/* End PBXCopyFilesBuildPhase section */

/* Begin PBXFileReference section */
		F12C49C02C35D711008E173D /* PokeDex3WidgetExtension.appex */ = {isa = PBXFileReference; explicitFileType = "wrapper.app-extension"; includeInIndex = 0; path = PokeDex3WidgetExtension.appex; sourceTree = BUILT_PRODUCTS_DIR; };
		F12C49C22C35D711008E173D /* WidgetKit.framework */ = {isa = PBXFileReference; lastKnownFileType = wrapper.framework; name = WidgetKit.framework; path = System/Library/Frameworks/WidgetKit.framework; sourceTree = SDKROOT; };
		F12C49C42C35D711008E173D /* SwiftUI.framework */ = {isa = PBXFileReference; lastKnownFileType = wrapper.framework; name = SwiftUI.framework; path = System/Library/Frameworks/SwiftUI.framework; sourceTree = SDKROOT; };
		F12C49C72C35D711008E173D /* PokeDex3WidgetBundle.swift */ = {isa = PBXFileReference; lastKnownFileType = sourcecode.swift; path = PokeDex3WidgetBundle.swift; sourceTree = "<group>"; };
		F12C49C92C35D711008E173D /* PokeDex3WidgetLiveActivity.swift */ = {isa = PBXFileReference; lastKnownFileType = sourcecode.swift; path = PokeDex3WidgetLiveActivity.swift; sourceTree = "<group>"; };
		F12C49CB2C35D711008E173D /* PokeDex3Widget.swift */ = {isa = PBXFileReference; lastKnownFileType = sourcecode.swift; path = PokeDex3Widget.swift; sourceTree = "<group>"; };
		F12C49CD2C35D711008E173D /* AppIntent.swift */ = {isa = PBXFileReference; lastKnownFileType = sourcecode.swift; path = AppIntent.swift; sourceTree = "<group>"; };
		F12C49CF2C35D711008E173D /* Assets.xcassets */ = {isa = PBXFileReference; lastKnownFileType = folder.assetcatalog; path = Assets.xcassets; sourceTree = "<group>"; };
		F12C49D12C35D711008E173D /* Info.plist */ = {isa = PBXFileReference; lastKnownFileType = text.plist.xml; path = Info.plist; sourceTree = "<group>"; };
		F12C49DF2C35E069008E173D /* PokeDexGen3.entitlements */ = {isa = PBXFileReference; lastKnownFileType = text.plist.entitlements; path = PokeDexGen3.entitlements; sourceTree = "<group>"; };
		F12C49E02C35E104008E173D /* PokeDex3WidgetExtension.entitlements */ = {isa = PBXFileReference; lastKnownFileType = text.plist.entitlements; path = PokeDex3WidgetExtension.entitlements; sourceTree = "<group>"; };
		F14CCD822C2DE7C600A65B3E /* TempPokemon.swift */ = {isa = PBXFileReference; lastKnownFileType = sourcecode.swift; path = TempPokemon.swift; sourceTree = "<group>"; };
		F14CCD842C2DFB1900A65B3E /* FetchCotroller.swift */ = {isa = PBXFileReference; lastKnownFileType = sourcecode.swift; path = FetchCotroller.swift; sourceTree = "<group>"; };
		F15D30102C349FBE00800B25 /* FetchedImage.swift */ = {isa = PBXFileReference; lastKnownFileType = sourcecode.swift; path = FetchedImage.swift; sourceTree = "<group>"; };
		F15D30122C34A0D300800B25 /* WidgetPokemon.swift */ = {isa = PBXFileReference; lastKnownFileType = sourcecode.swift; path = WidgetPokemon.swift; sourceTree = "<group>"; };
		F18DE2F72C3334B200F58500 /* ViewModel.swift */ = {isa = PBXFileReference; lastKnownFileType = sourcecode.swift; path = ViewModel.swift; sourceTree = "<group>"; };
		F18DE2F92C33432D00F58500 /* PokemonDetailView.swift */ = {isa = PBXFileReference; lastKnownFileType = sourcecode.swift; path = PokemonDetailView.swift; sourceTree = "<group>"; };
		F18DE2FB2C33494700F58500 /* SamplePokemon.swift */ = {isa = PBXFileReference; lastKnownFileType = sourcecode.swift; path = SamplePokemon.swift; sourceTree = "<group>"; };
		F18DE2FD2C33570100F58500 /* PokemonExt.swift */ = {isa = PBXFileReference; lastKnownFileType = sourcecode.swift; path = PokemonExt.swift; sourceTree = "<group>"; };
		F18DE2FF2C335D3300F58500 /* StatsView.swift */ = {isa = PBXFileReference; lastKnownFileType = sourcecode.swift; path = StatsView.swift; sourceTree = "<group>"; };
		F1C38FB32C2C995B00D4395F /* PokeDexGen3.app */ = {isa = PBXFileReference; explicitFileType = wrapper.application; includeInIndex = 0; path = PokeDexGen3.app; sourceTree = BUILT_PRODUCTS_DIR; };
		F1C38FB62C2C995B00D4395F /* PokeDexGen3App.swift */ = {isa = PBXFileReference; lastKnownFileType = sourcecode.swift; path = PokeDexGen3App.swift; sourceTree = "<group>"; };
		F1C38FB82C2C995B00D4395F /* MainView.swift */ = {isa = PBXFileReference; lastKnownFileType = sourcecode.swift; path = MainView.swift; sourceTree = "<group>"; };
		F1C38FBA2C2C995C00D4395F /* Assets.xcassets */ = {isa = PBXFileReference; lastKnownFileType = folder.assetcatalog; path = Assets.xcassets; sourceTree = "<group>"; };
		F1C38FBD2C2C995C00D4395F /* Preview Assets.xcassets */ = {isa = PBXFileReference; lastKnownFileType = folder.assetcatalog; path = "Preview Assets.xcassets"; sourceTree = "<group>"; };
		F1C38FBF2C2C995C00D4395F /* Persistence.swift */ = {isa = PBXFileReference; lastKnownFileType = sourcecode.swift; path = Persistence.swift; sourceTree = "<group>"; };
		F1C38FC22C2C995C00D4395F /* PokeDexGen3.xcdatamodel */ = {isa = PBXFileReference; lastKnownFileType = wrapper.xcdatamodel; path = PokeDexGen3.xcdatamodel; sourceTree = "<group>"; };
/* End PBXFileReference section */

/* Begin PBXFrameworksBuildPhase section */
		F12C49BD2C35D711008E173D /* Frameworks */ = {
			isa = PBXFrameworksBuildPhase;
			buildActionMask = 2147483647;
			files = (
				F12C49C52C35D711008E173D /* SwiftUI.framework in Frameworks */,
				F12C49C32C35D711008E173D /* WidgetKit.framework in Frameworks */,
			);
			runOnlyForDeploymentPostprocessing = 0;
		};
		F1C38FB02C2C995B00D4395F /* Frameworks */ = {
			isa = PBXFrameworksBuildPhase;
			buildActionMask = 2147483647;
			files = (
			);
			runOnlyForDeploymentPostprocessing = 0;
		};
/* End PBXFrameworksBuildPhase section */

/* Begin PBXGroup section */
		F12C49C12C35D711008E173D /* Frameworks */ = {
			isa = PBXGroup;
			children = (
				F12C49C22C35D711008E173D /* WidgetKit.framework */,
				F12C49C42C35D711008E173D /* SwiftUI.framework */,
			);
			name = Frameworks;
			sourceTree = "<group>";
		};
		F12C49C62C35D711008E173D /* PokeDex3Widget */ = {
			isa = PBXGroup;
			children = (
				F12C49E02C35E104008E173D /* PokeDex3WidgetExtension.entitlements */,
				F12C49C72C35D711008E173D /* PokeDex3WidgetBundle.swift */,
				F12C49C92C35D711008E173D /* PokeDex3WidgetLiveActivity.swift */,
				F12C49CB2C35D711008E173D /* PokeDex3Widget.swift */,
				F12C49CD2C35D711008E173D /* AppIntent.swift */,
				F12C49CF2C35D711008E173D /* Assets.xcassets */,
				F12C49D12C35D711008E173D /* Info.plist */,
			);
			path = PokeDex3Widget;
			sourceTree = "<group>";
		};
		F1C38FAA2C2C995B00D4395F = {
			isa = PBXGroup;
			children = (
				F1C38FB52C2C995B00D4395F /* PokeDexGen3 */,
				F12C49C62C35D711008E173D /* PokeDex3Widget */,
				F12C49C12C35D711008E173D /* Frameworks */,
				F1C38FB42C2C995B00D4395F /* Products */,
			);
			sourceTree = "<group>";
		};
		F1C38FB42C2C995B00D4395F /* Products */ = {
			isa = PBXGroup;
			children = (
				F1C38FB32C2C995B00D4395F /* PokeDexGen3.app */,
				F12C49C02C35D711008E173D /* PokeDex3WidgetExtension.appex */,
			);
			name = Products;
			sourceTree = "<group>";
		};
		F1C38FB52C2C995B00D4395F /* PokeDexGen3 */ = {
			isa = PBXGroup;
			children = (
				F12C49DF2C35E069008E173D /* PokeDexGen3.entitlements */,
				F1C38FB62C2C995B00D4395F /* PokeDexGen3App.swift */,
				F1C38FB82C2C995B00D4395F /* MainView.swift */,
				F18DE2F92C33432D00F58500 /* PokemonDetailView.swift */,
				F18DE2FF2C335D3300F58500 /* StatsView.swift */,
				F18DE2F72C3334B200F58500 /* ViewModel.swift */,
				F18DE2FB2C33494700F58500 /* SamplePokemon.swift */,
				F14CCD842C2DFB1900A65B3E /* FetchCotroller.swift */,
				F14CCD822C2DE7C600A65B3E /* TempPokemon.swift */,
				F18DE2FD2C33570100F58500 /* PokemonExt.swift */,
				F15D30122C34A0D300800B25 /* WidgetPokemon.swift */,
				F15D30102C349FBE00800B25 /* FetchedImage.swift */,
				F1C38FBF2C2C995C00D4395F /* Persistence.swift */,
				F1C38FC12C2C995C00D4395F /* PokeDexGen3.xcdatamodeld */,
				F1C38FBA2C2C995C00D4395F /* Assets.xcassets */,
				F1C38FBC2C2C995C00D4395F /* Preview Content */,
			);
			path = PokeDexGen3;
			sourceTree = "<group>";
		};
		F1C38FBC2C2C995C00D4395F /* Preview Content */ = {
			isa = PBXGroup;
			children = (
				F1C38FBD2C2C995C00D4395F /* Preview Assets.xcassets */,
			);
			path = "Preview Content";
			sourceTree = "<group>";
		};
/* End PBXGroup section */

/* Begin PBXNativeTarget section */
		F12C49BF2C35D711008E173D /* PokeDex3WidgetExtension */ = {
			isa = PBXNativeTarget;
			buildConfigurationList = F12C49D82C35D711008E173D /* Build configuration list for PBXNativeTarget "PokeDex3WidgetExtension" */;
			buildPhases = (
				F12C49BC2C35D711008E173D /* Sources */,
				F12C49BD2C35D711008E173D /* Frameworks */,
				F12C49BE2C35D711008E173D /* Resources */,
			);
			buildRules = (
			);
			dependencies = (
			);
			name = PokeDex3WidgetExtension;
			productName = PokeDex3WidgetExtension;
			productReference = F12C49C02C35D711008E173D /* PokeDex3WidgetExtension.appex */;
			productType = "com.apple.product-type.app-extension";
		};
		F1C38FB22C2C995B00D4395F /* PokeDexGen3 */ = {
			isa = PBXNativeTarget;
			buildConfigurationList = F1C38FC62C2C995C00D4395F /* Build configuration list for PBXNativeTarget "PokeDexGen3" */;
			buildPhases = (
				F1C38FAF2C2C995B00D4395F /* Sources */,
				F1C38FB02C2C995B00D4395F /* Frameworks */,
				F1C38FB12C2C995B00D4395F /* Resources */,
				F12C49D52C35D711008E173D /* Embed Foundation Extensions */,
			);
			buildRules = (
			);
			dependencies = (
				F12C49D32C35D711008E173D /* PBXTargetDependency */,
			);
			name = PokeDexGen3;
			productName = PokeDexGen3;
			productReference = F1C38FB32C2C995B00D4395F /* PokeDexGen3.app */;
			productType = "com.apple.product-type.application";
		};
/* End PBXNativeTarget section */

/* Begin PBXProject section */
		F1C38FAB2C2C995B00D4395F /* Project object */ = {
			isa = PBXProject;
			attributes = {
				BuildIndependentTargetsInParallel = 1;
				LastSwiftUpdateCheck = 1540;
				LastUpgradeCheck = 1540;
				TargetAttributes = {
					F12C49BF2C35D711008E173D = {
						CreatedOnToolsVersion = 15.4;
					};
					F1C38FB22C2C995B00D4395F = {
						CreatedOnToolsVersion = 15.4;
					};
				};
			};
			buildConfigurationList = F1C38FAE2C2C995B00D4395F /* Build configuration list for PBXProject "PokeDexGen3" */;
			compatibilityVersion = "Xcode 14.0";
			developmentRegion = en;
			hasScannedForEncodings = 0;
			knownRegions = (
				en,
				Base,
			);
			mainGroup = F1C38FAA2C2C995B00D4395F;
			productRefGroup = F1C38FB42C2C995B00D4395F /* Products */;
			projectDirPath = "";
			projectRoot = "";
			targets = (
				F1C38FB22C2C995B00D4395F /* PokeDexGen3 */,
				F12C49BF2C35D711008E173D /* PokeDex3WidgetExtension */,
			);
		};
/* End PBXProject section */

/* Begin PBXResourcesBuildPhase section */
		F12C49BE2C35D711008E173D /* Resources */ = {
			isa = PBXResourcesBuildPhase;
			buildActionMask = 2147483647;
			files = (
				F12C49D92C35D758008E173D /* Assets.xcassets in Resources */,
				F12C49D02C35D711008E173D /* Assets.xcassets in Resources */,
			);
			runOnlyForDeploymentPostprocessing = 0;
		};
		F1C38FB12C2C995B00D4395F /* Resources */ = {
			isa = PBXResourcesBuildPhase;
			buildActionMask = 2147483647;
			files = (
				F1C38FBE2C2C995C00D4395F /* Preview Assets.xcassets in Resources */,
				F1C38FBB2C2C995C00D4395F /* Assets.xcassets in Resources */,
			);
			runOnlyForDeploymentPostprocessing = 0;
		};
/* End PBXResourcesBuildPhase section */

/* Begin PBXSourcesBuildPhase section */
		F12C49BC2C35D711008E173D /* Sources */ = {
			isa = PBXSourcesBuildPhase;
			buildActionMask = 2147483647;
			files = (
				F12C49DE2C35D772008E173D /* WidgetPokemon.swift in Sources */,
				F12C49CC2C35D711008E173D /* PokeDex3Widget.swift in Sources */,
				F12C49CE2C35D711008E173D /* AppIntent.swift in Sources */,
				F12C49CA2C35D711008E173D /* PokeDex3WidgetLiveActivity.swift in Sources */,
				F12C49DD2C35D76F008E173D /* FetchedImage.swift in Sources */,
				F12C49DB2C35D768008E173D /* Persistence.swift in Sources */,
				F12C49DA2C35D765008E173D /* PokeDexGen3.xcdatamodeld in Sources */,
				F12C49DC2C35D76C008E173D /* SamplePokemon.swift in Sources */,
				F12C49C82C35D711008E173D /* PokeDex3WidgetBundle.swift in Sources */,
			);
			runOnlyForDeploymentPostprocessing = 0;
		};
		F1C38FAF2C2C995B00D4395F /* Sources */ = {
			isa = PBXSourcesBuildPhase;
			buildActionMask = 2147483647;
			files = (
				F1C38FC02C2C995C00D4395F /* Persistence.swift in Sources */,
				F18DE3002C335D3300F58500 /* StatsView.swift in Sources */,
				F1C38FC32C2C995C00D4395F /* PokeDexGen3.xcdatamodeld in Sources */,
				F18DE2FA2C33432D00F58500 /* PokemonDetailView.swift in Sources */,
				F15D30132C34A0D300800B25 /* WidgetPokemon.swift in Sources */,
				F18DE2FE2C33570100F58500 /* PokemonExt.swift in Sources */,
				F14CCD832C2DE7C600A65B3E /* TempPokemon.swift in Sources */,
				F18DE2FC2C33494700F58500 /* SamplePokemon.swift in Sources */,
				F14CCD852C2DFB1900A65B3E /* FetchCotroller.swift in Sources */,
				F1C38FB92C2C995B00D4395F /* MainView.swift in Sources */,
				F1C38FB72C2C995B00D4395F /* PokeDexGen3App.swift in Sources */,
				F18DE2F82C3334B200F58500 /* ViewModel.swift in Sources */,
				F15D30112C349FBE00800B25 /* FetchedImage.swift in Sources */,
			);
			runOnlyForDeploymentPostprocessing = 0;
		};
/* End PBXSourcesBuildPhase section */

/* Begin PBXTargetDependency section */
		F12C49D32C35D711008E173D /* PBXTargetDependency */ = {
			isa = PBXTargetDependency;
			target = F12C49BF2C35D711008E173D /* PokeDex3WidgetExtension */;
			targetProxy = F12C49D22C35D711008E173D /* PBXContainerItemProxy */;
		};
/* End PBXTargetDependency section */

/* Begin XCBuildConfiguration section */
		F12C49D62C35D711008E173D /* Debug */ = {
			isa = XCBuildConfiguration;
			buildSettings = {
				ASSETCATALOG_COMPILER_GLOBAL_ACCENT_COLOR_NAME = AccentColor;
				ASSETCATALOG_COMPILER_WIDGET_BACKGROUND_COLOR_NAME = WidgetBackground;
				CODE_SIGN_ENTITLEMENTS = PokeDex3Widget/PokeDex3WidgetExtension.entitlements;
				CODE_SIGN_STYLE = Automatic;
				CURRENT_PROJECT_VERSION = 1;
				DEVELOPMENT_TEAM = Z92223APBP;
				GENERATE_INFOPLIST_FILE = YES;
				INFOPLIST_FILE = PokeDex3Widget/Info.plist;
				INFOPLIST_KEY_CFBundleDisplayName = PokeDex3Widget;
				INFOPLIST_KEY_NSHumanReadableCopyright = "";
				LD_RUNPATH_SEARCH_PATHS = (
					"$(inherited)",
					"@executable_path/Frameworks",
					"@executable_path/../../Frameworks",
				);
				MARKETING_VERSION = 1.0;
				PRODUCT_BUNDLE_IDENTIFIER = com.morgynkass.PokeDexGen3.PokeDex3Widget;
				PRODUCT_NAME = "$(TARGET_NAME)";
				SKIP_INSTALL = YES;
				SWIFT_EMIT_LOC_STRINGS = YES;
				SWIFT_VERSION = 5.0;
				TARGETED_DEVICE_FAMILY = "1,2";
			};
			name = Debug;
		};
		F12C49D72C35D711008E173D /* Release */ = {
			isa = XCBuildConfiguration;
			buildSettings = {
				ASSETCATALOG_COMPILER_GLOBAL_ACCENT_COLOR_NAME = AccentColor;
				ASSETCATALOG_COMPILER_WIDGET_BACKGROUND_COLOR_NAME = WidgetBackground;
				CODE_SIGN_ENTITLEMENTS = PokeDex3Widget/PokeDex3WidgetExtension.entitlements;
				CODE_SIGN_STYLE = Automatic;
				CURRENT_PROJECT_VERSION = 1;
				DEVELOPMENT_TEAM = Z92223APBP;
				GENERATE_INFOPLIST_FILE = YES;
				INFOPLIST_FILE = PokeDex3Widget/Info.plist;
				INFOPLIST_KEY_CFBundleDisplayName = PokeDex3Widget;
				INFOPLIST_KEY_NSHumanReadableCopyright = "";
				LD_RUNPATH_SEARCH_PATHS = (
					"$(inherited)",
					"@executable_path/Frameworks",
					"@executable_path/../../Frameworks",
				);
				MARKETING_VERSION = 1.0;
				PRODUCT_BUNDLE_IDENTIFIER = com.morgynkass.PokeDexGen3.PokeDex3Widget;
				PRODUCT_NAME = "$(TARGET_NAME)";
				SKIP_INSTALL = YES;
				SWIFT_EMIT_LOC_STRINGS = YES;
				SWIFT_VERSION = 5.0;
				TARGETED_DEVICE_FAMILY = "1,2";
			};
			name = Release;
		};
		F1C38FC42C2C995C00D4395F /* Debug */ = {
			isa = XCBuildConfiguration;
			buildSettings = {
				ALWAYS_SEARCH_USER_PATHS = NO;
				ASSETCATALOG_COMPILER_GENERATE_SWIFT_ASSET_SYMBOL_EXTENSIONS = YES;
				CLANG_ANALYZER_NONNULL = YES;
				CLANG_ANALYZER_NUMBER_OBJECT_CONVERSION = YES_AGGRESSIVE;
				CLANG_CXX_LANGUAGE_STANDARD = "gnu++20";
				CLANG_ENABLE_MODULES = YES;
				CLANG_ENABLE_OBJC_ARC = YES;
				CLANG_ENABLE_OBJC_WEAK = YES;
				CLANG_WARN_BLOCK_CAPTURE_AUTORELEASING = YES;
				CLANG_WARN_BOOL_CONVERSION = YES;
				CLANG_WARN_COMMA = YES;
				CLANG_WARN_CONSTANT_CONVERSION = YES;
				CLANG_WARN_DEPRECATED_OBJC_IMPLEMENTATIONS = YES;
				CLANG_WARN_DIRECT_OBJC_ISA_USAGE = YES_ERROR;
				CLANG_WARN_DOCUMENTATION_COMMENTS = YES;
				CLANG_WARN_EMPTY_BODY = YES;
				CLANG_WARN_ENUM_CONVERSION = YES;
				CLANG_WARN_INFINITE_RECURSION = YES;
				CLANG_WARN_INT_CONVERSION = YES;
				CLANG_WARN_NON_LITERAL_NULL_CONVERSION = YES;
				CLANG_WARN_OBJC_IMPLICIT_RETAIN_SELF = YES;
				CLANG_WARN_OBJC_LITERAL_CONVERSION = YES;
				CLANG_WARN_OBJC_ROOT_CLASS = YES_ERROR;
				CLANG_WARN_QUOTED_INCLUDE_IN_FRAMEWORK_HEADER = YES;
				CLANG_WARN_RANGE_LOOP_ANALYSIS = YES;
				CLANG_WARN_STRICT_PROTOTYPES = YES;
				CLANG_WARN_SUSPICIOUS_MOVE = YES;
				CLANG_WARN_UNGUARDED_AVAILABILITY = YES_AGGRESSIVE;
				CLANG_WARN_UNREACHABLE_CODE = YES;
				CLANG_WARN__DUPLICATE_METHOD_MATCH = YES;
				COPY_PHASE_STRIP = NO;
				DEBUG_INFORMATION_FORMAT = dwarf;
				ENABLE_STRICT_OBJC_MSGSEND = YES;
				ENABLE_TESTABILITY = YES;
				ENABLE_USER_SCRIPT_SANDBOXING = YES;
				GCC_C_LANGUAGE_STANDARD = gnu17;
				GCC_DYNAMIC_NO_PIC = NO;
				GCC_NO_COMMON_BLOCKS = YES;
				GCC_OPTIMIZATION_LEVEL = 0;
				GCC_PREPROCESSOR_DEFINITIONS = (
					"DEBUG=1",
					"$(inherited)",
				);
				GCC_WARN_64_TO_32_BIT_CONVERSION = YES;
				GCC_WARN_ABOUT_RETURN_TYPE = YES_ERROR;
				GCC_WARN_UNDECLARED_SELECTOR = YES;
				GCC_WARN_UNINITIALIZED_AUTOS = YES_AGGRESSIVE;
				GCC_WARN_UNUSED_FUNCTION = YES;
				GCC_WARN_UNUSED_VARIABLE = YES;
				IPHONEOS_DEPLOYMENT_TARGET = 17.5;
				LOCALIZATION_PREFERS_STRING_CATALOGS = YES;
				MTL_ENABLE_DEBUG_INFO = INCLUDE_SOURCE;
				MTL_FAST_MATH = YES;
				ONLY_ACTIVE_ARCH = YES;
				SDKROOT = iphoneos;
				SWIFT_ACTIVE_COMPILATION_CONDITIONS = "DEBUG $(inherited)";
				SWIFT_OPTIMIZATION_LEVEL = "-Onone";
			};
			name = Debug;
		};
		F1C38FC52C2C995C00D4395F /* Release */ = {
			isa = XCBuildConfiguration;
			buildSettings = {
				ALWAYS_SEARCH_USER_PATHS = NO;
				ASSETCATALOG_COMPILER_GENERATE_SWIFT_ASSET_SYMBOL_EXTENSIONS = YES;
				CLANG_ANALYZER_NONNULL = YES;
				CLANG_ANALYZER_NUMBER_OBJECT_CONVERSION = YES_AGGRESSIVE;
				CLANG_CXX_LANGUAGE_STANDARD = "gnu++20";
				CLANG_ENABLE_MODULES = YES;
				CLANG_ENABLE_OBJC_ARC = YES;
				CLANG_ENABLE_OBJC_WEAK = YES;
				CLANG_WARN_BLOCK_CAPTURE_AUTORELEASING = YES;
				CLANG_WARN_BOOL_CONVERSION = YES;
				CLANG_WARN_COMMA = YES;
				CLANG_WARN_CONSTANT_CONVERSION = YES;
				CLANG_WARN_DEPRECATED_OBJC_IMPLEMENTATIONS = YES;
				CLANG_WARN_DIRECT_OBJC_ISA_USAGE = YES_ERROR;
				CLANG_WARN_DOCUMENTATION_COMMENTS = YES;
				CLANG_WARN_EMPTY_BODY = YES;
				CLANG_WARN_ENUM_CONVERSION = YES;
				CLANG_WARN_INFINITE_RECURSION = YES;
				CLANG_WARN_INT_CONVERSION = YES;
				CLANG_WARN_NON_LITERAL_NULL_CONVERSION = YES;
				CLANG_WARN_OBJC_IMPLICIT_RETAIN_SELF = YES;
				CLANG_WARN_OBJC_LITERAL_CONVERSION = YES;
				CLANG_WARN_OBJC_ROOT_CLASS = YES_ERROR;
				CLANG_WARN_QUOTED_INCLUDE_IN_FRAMEWORK_HEADER = YES;
				CLANG_WARN_RANGE_LOOP_ANALYSIS = YES;
				CLANG_WARN_STRICT_PROTOTYPES = YES;
				CLANG_WARN_SUSPICIOUS_MOVE = YES;
				CLANG_WARN_UNGUARDED_AVAILABILITY = YES_AGGRESSIVE;
				CLANG_WARN_UNREACHABLE_CODE = YES;
				CLANG_WARN__DUPLICATE_METHOD_MATCH = YES;
				COPY_PHASE_STRIP = NO;
				DEBUG_INFORMATION_FORMAT = "dwarf-with-dsym";
				ENABLE_NS_ASSERTIONS = NO;
				ENABLE_STRICT_OBJC_MSGSEND = YES;
				ENABLE_USER_SCRIPT_SANDBOXING = YES;
				GCC_C_LANGUAGE_STANDARD = gnu17;
				GCC_NO_COMMON_BLOCKS = YES;
				GCC_WARN_64_TO_32_BIT_CONVERSION = YES;
				GCC_WARN_ABOUT_RETURN_TYPE = YES_ERROR;
				GCC_WARN_UNDECLARED_SELECTOR = YES;
				GCC_WARN_UNINITIALIZED_AUTOS = YES_AGGRESSIVE;
				GCC_WARN_UNUSED_FUNCTION = YES;
				GCC_WARN_UNUSED_VARIABLE = YES;
				IPHONEOS_DEPLOYMENT_TARGET = 17.5;
				LOCALIZATION_PREFERS_STRING_CATALOGS = YES;
				MTL_ENABLE_DEBUG_INFO = NO;
				MTL_FAST_MATH = YES;
				SDKROOT = iphoneos;
				SWIFT_COMPILATION_MODE = wholemodule;
				VALIDATE_PRODUCT = YES;
			};
			name = Release;
		};
		F1C38FC72C2C995C00D4395F /* Debug */ = {
			isa = XCBuildConfiguration;
			buildSettings = {
				ALWAYS_EMBED_SWIFT_STANDARD_LIBRARIES = YES;
				ASSETCATALOG_COMPILER_APPICON_NAME = AppIcon;
				ASSETCATALOG_COMPILER_GLOBAL_ACCENT_COLOR_NAME = AccentColor;
				CODE_SIGN_ENTITLEMENTS = PokeDexGen3/PokeDexGen3.entitlements;
				CODE_SIGN_STYLE = Automatic;
				CURRENT_PROJECT_VERSION = 1;
				DEVELOPMENT_ASSET_PATHS = "\"PokeDexGen3/Preview Content\"";
				DEVELOPMENT_TEAM = Z92223APBP;
				ENABLE_PREVIEWS = YES;
				GENERATE_INFOPLIST_FILE = YES;
				INFOPLIST_KEY_UIApplicationSceneManifest_Generation = YES;
				INFOPLIST_KEY_UIApplicationSupportsIndirectInputEvents = YES;
				INFOPLIST_KEY_UILaunchScreen_Generation = YES;
				INFOPLIST_KEY_UISupportedInterfaceOrientations_iPad = "UIInterfaceOrientationPortrait UIInterfaceOrientationPortraitUpsideDown UIInterfaceOrientationLandscapeLeft UIInterfaceOrientationLandscapeRight";
				INFOPLIST_KEY_UISupportedInterfaceOrientations_iPhone = "UIInterfaceOrientationPortrait UIInterfaceOrientationLandscapeLeft UIInterfaceOrientationLandscapeRight";
				LD_RUNPATH_SEARCH_PATHS = (
					"$(inherited)",
					"@executable_path/Frameworks",
				);
				MARKETING_VERSION = 1.0;
				PRODUCT_BUNDLE_IDENTIFIER = com.morgynkass.PokeDexGen3;
				PRODUCT_NAME = "$(TARGET_NAME)";
				SWIFT_EMIT_LOC_STRINGS = YES;
				SWIFT_VERSION = 5.0;
				TARGETED_DEVICE_FAMILY = "1,2";
			};
			name = Debug;
		};
		F1C38FC82C2C995C00D4395F /* Release */ = {
			isa = XCBuildConfiguration;
			buildSettings = {
				ALWAYS_EMBED_SWIFT_STANDARD_LIBRARIES = YES;
				ASSETCATALOG_COMPILER_APPICON_NAME = AppIcon;
				ASSETCATALOG_COMPILER_GLOBAL_ACCENT_COLOR_NAME = AccentColor;
				CODE_SIGN_ENTITLEMENTS = PokeDexGen3/PokeDexGen3.entitlements;
				CODE_SIGN_STYLE = Automatic;
				CURRENT_PROJECT_VERSION = 1;
				DEVELOPMENT_ASSET_PATHS = "\"PokeDexGen3/Preview Content\"";
				DEVELOPMENT_TEAM = Z92223APBP;
				ENABLE_PREVIEWS = YES;
				GENERATE_INFOPLIST_FILE = YES;
				INFOPLIST_KEY_UIApplicationSceneManifest_Generation = YES;
				INFOPLIST_KEY_UIApplicationSupportsIndirectInputEvents = YES;
				INFOPLIST_KEY_UILaunchScreen_Generation = YES;
				INFOPLIST_KEY_UISupportedInterfaceOrientations_iPad = "UIInterfaceOrientationPortrait UIInterfaceOrientationPortraitUpsideDown UIInterfaceOrientationLandscapeLeft UIInterfaceOrientationLandscapeRight";
				INFOPLIST_KEY_UISupportedInterfaceOrientations_iPhone = "UIInterfaceOrientationPortrait UIInterfaceOrientationLandscapeLeft UIInterfaceOrientationLandscapeRight";
				LD_RUNPATH_SEARCH_PATHS = (
					"$(inherited)",
					"@executable_path/Frameworks",
				);
				MARKETING_VERSION = 1.0;
				PRODUCT_BUNDLE_IDENTIFIER = com.morgynkass.PokeDexGen3;
				PRODUCT_NAME = "$(TARGET_NAME)";
				SWIFT_EMIT_LOC_STRINGS = YES;
				SWIFT_VERSION = 5.0;
				TARGETED_DEVICE_FAMILY = "1,2";
			};
			name = Release;
		};
/* End XCBuildConfiguration section */

/* Begin XCConfigurationList section */
		F12C49D82C35D711008E173D /* Build configuration list for PBXNativeTarget "PokeDex3WidgetExtension" */ = {
			isa = XCConfigurationList;
			buildConfigurations = (
				F12C49D62C35D711008E173D /* Debug */,
				F12C49D72C35D711008E173D /* Release */,
			);
			defaultConfigurationIsVisible = 0;
			defaultConfigurationName = Release;
		};
		F1C38FAE2C2C995B00D4395F /* Build configuration list for PBXProject "PokeDexGen3" */ = {
			isa = XCConfigurationList;
			buildConfigurations = (
				F1C38FC42C2C995C00D4395F /* Debug */,
				F1C38FC52C2C995C00D4395F /* Release */,
			);
			defaultConfigurationIsVisible = 0;
			defaultConfigurationName = Release;
		};
		F1C38FC62C2C995C00D4395F /* Build configuration list for PBXNativeTarget "PokeDexGen3" */ = {
			isa = XCConfigurationList;
			buildConfigurations = (
				F1C38FC72C2C995C00D4395F /* Debug */,
				F1C38FC82C2C995C00D4395F /* Release */,
			);
			defaultConfigurationIsVisible = 0;
			defaultConfigurationName = Release;
		};
/* End XCConfigurationList section */

/* Begin XCVersionGroup section */
		F1C38FC12C2C995C00D4395F /* PokeDexGen3.xcdatamodeld */ = {
			isa = XCVersionGroup;
			children = (
				F1C38FC22C2C995C00D4395F /* PokeDexGen3.xcdatamodel */,
			);
			currentVersion = F1C38FC22C2C995C00D4395F /* PokeDexGen3.xcdatamodel */;
			path = PokeDexGen3.xcdatamodeld;
			sourceTree = "<group>";
			versionGroupType = wrapper.xcdatamodel;
		};
/* End XCVersionGroup section */
	};
	rootObject = F1C38FAB2C2C995B00D4395F /* Project object */;
}
